
Microsoft Visual Studio Solution File, Format Version 12.00
# Visual Studio Version 17
VisualStudioVersion = 17.9.34728.123
MinimumVisualStudioVersion = 10.0.40219.1
Project("{8BC9CEB8-8B4A-11D0-8D11-00A0C91BC942}") = "eigenLab", "eigenLab\eigenLab.vcxproj", "{80322510-D405-422D-8036-B5E096583652}"
EndProject
Project("{8BC9CEB8-8B4A-11D0-8D11-00A0C91BC942}") = "TriangleTest", "TriangleTest\TriangleTest.vcxproj", "{84800BE4-AB41-426B-8CDB-8BFCFA68F989}"
EndProject
Global
	GlobalSection(SolutionConfigurationPlatforms) = preSolution
		Debug|x64 = Debug|x64
		Debug|x86 = Debug|x86
		Release|x64 = Release|x64
		Release|x86 = Release|x86
	EndGlobalSection
	GlobalSection(ProjectConfigurationPlatforms) = postSolution
		{80322510-D405-422D-8036-B5E096583652}.Debug|x64.ActiveCfg = Debug|x64
		{80322510-D405-422D-8036-B5E096583652}.Debug|x64.Build.0 = Debug|x64
		{80322510-D405-422D-8036-B5E096583652}.Debug|x86.ActiveCfg = Debug|Win32
		{80322510-D405-422D-8036-B5E096583652}.Debug|x86.Build.0 = Debug|Win32
		{80322510-D405-422D-8036-B5E096583652}.Release|x64.ActiveCfg = Release|x64
		{80322510-D405-422D-8036-B5E096583652}.Release|x64.Build.0 = Release|x64
		{80322510-D405-422D-8036-B5E096583652}.Release|x86.ActiveCfg = Release|Win32
		{80322510-D405-422D-8036-B5E096583652}.Release|x86.Build.0 = Release|Win32
		{84800BE4-AB41-426B-8CDB-8BFCFA68F989}.Debug|x64.ActiveCfg = Debug|x64
		{84800BE4-AB41-426B-8CDB-8BFCFA68F989}.Debug|x64.Build.0 = Debug|x64
		{84800BE4-AB41-426B-8CDB-8BFCFA68F989}.Debug|x86.ActiveCfg = Debug|Win32
		{84800BE4-AB41-426B-8CDB-8BFCFA68F989}.Debug|x86.Build.0 = Debug|Win32
		{84800BE4-AB41-426B-8CDB-8BFCFA68F989}.Release|x64.ActiveCfg = Release|x64
		{84800BE4-AB41-426B-8CDB-8BFCFA68F989}.Release|x64.Build.0 = Release|x64
		{84800BE4-AB41-426B-8CDB-8BFCFA68F989}.Release|x86.ActiveCfg = Release|Win32
		{84800BE4-AB41-426B-8CDB-8BFCFA68F989}.Release|x86.Build.0 = Release|Win32
	EndGlobalSection
	GlobalSection(SolutionProperties) = preSolution
		HideSolutionNode = FALSE
	EndGlobalSection
	GlobalSection(ExtensibilityGlobals) = postSolution
		SolutionGuid = {EE6FCF1D-038C-4699-B043-B4DDB4968538}
	EndGlobalSection
EndGlobal
